
Microsoft Visual Studio Solution File, Format Version 12.00
# Visual Studio Version 17
VisualStudioVersion = 17.9.34728.123
MinimumVisualStudioVersion = 10.0.40219.1
Project("{9A19103F-16F7-4668-BE54-9A1E7A4F7556}") = "FileReception.Api", "FileReception.Api\FileReception.Api.csproj", "{4DF94E59-8657-4DB3-8921-B13FFB081F45}"
EndProject
Project("{9A19103F-16F7-4668-BE54-9A1E7A4F7556}") = "FileReception.Domain", "FileReception.Domain\FileReception.Domain.csproj", "{3E8F4620-02EE-47A3-B521-7EFE0621A42A}"
EndProject
Project("{9A19103F-16F7-4668-BE54-9A1E7A4F7556}") = "FileReception.Service", "FileReception.Service\FileReception.Service.csproj", "{6937CDFF-D15A-46EC-8076-08841B361083}"
EndProject
Project("{9A19103F-16F7-4668-BE54-9A1E7A4F7556}") = "FileReception.Infrastructure", "FileReception.Infrastructure\FileReception.Infrastructure.csproj", "{40D24CDC-1187-4065-9573-DE8D1F621054}"
EndProject
Project("{FAE04EC0-301F-11D3-BF4B-00C04F79EFBC}") = "FileReception.Tests", "FileReception.Tests\FileReception.Tests.csproj", "{0ED9D506-4ED0-4897-8130-7B29D7C98440}"
EndProject
Global
	GlobalSection(SolutionConfigurationPlatforms) = preSolution
		Debug|Any CPU = Debug|Any CPU
		Release|Any CPU = Release|Any CPU
	EndGlobalSection
	GlobalSection(ProjectConfigurationPlatforms) = postSolution
		{4DF94E59-8657-4DB3-8921-B13FFB081F45}.Debug|Any CPU.ActiveCfg = Debug|Any CPU
		{4DF94E59-8657-4DB3-8921-B13FFB081F45}.Debug|Any CPU.Build.0 = Debug|Any CPU
		{4DF94E59-8657-4DB3-8921-B13FFB081F45}.Release|Any CPU.ActiveCfg = Release|Any CPU
		{4DF94E59-8657-4DB3-8921-B13FFB081F45}.Release|Any CPU.Build.0 = Release|Any CPU
		{3E8F4620-02EE-47A3-B521-7EFE0621A42A}.Debug|Any CPU.ActiveCfg = Debug|Any CPU
		{3E8F4620-02EE-47A3-B521-7EFE0621A42A}.Debug|Any CPU.Build.0 = Debug|Any CPU
		{3E8F4620-02EE-47A3-B521-7EFE0621A42A}.Release|Any CPU.ActiveCfg = Release|Any CPU
		{3E8F4620-02EE-47A3-B521-7EFE0621A42A}.Release|Any CPU.Build.0 = Release|Any CPU
		{6937CDFF-D15A-46EC-8076-08841B361083}.Debug|Any CPU.ActiveCfg = Debug|Any CPU
		{6937CDFF-D15A-46EC-8076-08841B361083}.Debug|Any CPU.Build.0 = Debug|Any CPU
		{6937CDFF-D15A-46EC-8076-08841B361083}.Release|Any CPU.ActiveCfg = Release|Any CPU
		{6937CDFF-D15A-46EC-8076-08841B361083}.Release|Any CPU.Build.0 = Release|Any CPU
		{40D24CDC-1187-4065-9573-DE8D1F621054}.Debug|Any CPU.ActiveCfg = Debug|Any CPU
		{40D24CDC-1187-4065-9573-DE8D1F621054}.Debug|Any CPU.Build.0 = Debug|Any CPU
		{40D24CDC-1187-4065-9573-DE8D1F621054}.Release|Any CPU.ActiveCfg = Release|Any CPU
		{40D24CDC-1187-4065-9573-DE8D1F621054}.Release|Any CPU.Build.0 = Release|Any CPU
		{0ED9D506-4ED0-4897-8130-7B29D7C98440}.Debug|Any CPU.ActiveCfg = Debug|Any CPU
		{0ED9D506-4ED0-4897-8130-7B29D7C98440}.Debug|Any CPU.Build.0 = Debug|Any CPU
		{0ED9D506-4ED0-4897-8130-7B29D7C98440}.Release|Any CPU.ActiveCfg = Release|Any CPU
		{0ED9D506-4ED0-4897-8130-7B29D7C98440}.Release|Any CPU.Build.0 = Release|Any CPU
	EndGlobalSection
	GlobalSection(SolutionProperties) = preSolution
		HideSolutionNode = FALSE
	EndGlobalSection
	GlobalSection(ExtensibilityGlobals) = postSolution
		SolutionGuid = {AFAA2419-8358-4A56-A7E2-48B7D9A76112}
	EndGlobalSection
EndGlobal
